// !$*UTF8*$!
{
	archiveVersion = 1;
	classes = {
	};
	objectVersion = 55;
	objects = {

/* Begin PBXBuildFile section */
		13629640EDC8F3F83EC33B84 /* Pods_BalinaSoftTask.framework in Frameworks */ = {isa = PBXBuildFile; fileRef = 2C525DE60ECA22BC3938B769 /* Pods_BalinaSoftTask.framework */; };
		58EB181328B63F3100AB75D5 /* AppDelegate.swift in Sources */ = {isa = PBXBuildFile; fileRef = 58EB181228B63F3100AB75D5 /* AppDelegate.swift */; };
		58EB181528B63F3100AB75D5 /* SceneDelegate.swift in Sources */ = {isa = PBXBuildFile; fileRef = 58EB181428B63F3100AB75D5 /* SceneDelegate.swift */; };
		58EB181728B63F3100AB75D5 /* ViewController.swift in Sources */ = {isa = PBXBuildFile; fileRef = 58EB181628B63F3100AB75D5 /* ViewController.swift */; };
		58EB181A28B63F3100AB75D5 /* Main.storyboard in Resources */ = {isa = PBXBuildFile; fileRef = 58EB181828B63F3100AB75D5 /* Main.storyboard */; };
		58EB181C28B63F3600AB75D5 /* Assets.xcassets in Resources */ = {isa = PBXBuildFile; fileRef = 58EB181B28B63F3600AB75D5 /* Assets.xcassets */; };
		58EB181F28B63F3600AB75D5 /* LaunchScreen.storyboard in Resources */ = {isa = PBXBuildFile; fileRef = 58EB181D28B63F3600AB75D5 /* LaunchScreen.storyboard */; };
/* End PBXBuildFile section */

/* Begin PBXFileReference section */
		2C525DE60ECA22BC3938B769 /* Pods_BalinaSoftTask.framework */ = {isa = PBXFileReference; explicitFileType = wrapper.framework; includeInIndex = 0; path = Pods_BalinaSoftTask.framework; sourceTree = BUILT_PRODUCTS_DIR; };
		58EB180F28B63F3100AB75D5 /* BalinaSoftTask.app */ = {isa = PBXFileReference; explicitFileType = wrapper.application; includeInIndex = 0; path = BalinaSoftTask.app; sourceTree = BUILT_PRODUCTS_DIR; };
		58EB181228B63F3100AB75D5 /* AppDelegate.swift */ = {isa = PBXFileReference; lastKnownFileType = sourcecode.swift; path = AppDelegate.swift; sourceTree = "<group>"; };
		58EB181428B63F3100AB75D5 /* SceneDelegate.swift */ = {isa = PBXFileReference; lastKnownFileType = sourcecode.swift; path = SceneDelegate.swift; sourceTree = "<group>"; };
		58EB181628B63F3100AB75D5 /* ViewController.swift */ = {isa = PBXFileReference; lastKnownFileType = sourcecode.swift; path = ViewController.swift; sourceTree = "<group>"; };
		58EB181928B63F3100AB75D5 /* Base */ = {isa = PBXFileReference; lastKnownFileType = file.storyboard; name = Base; path = Base.lproj/Main.storyboard; sourceTree = "<group>"; };
		58EB181B28B63F3600AB75D5 /* Assets.xcassets */ = {isa = PBXFileReference; lastKnownFileType = folder.assetcatalog; path = Assets.xcassets; sourceTree = "<group>"; };
		58EB181E28B63F3600AB75D5 /* Base */ = {isa = PBXFileReference; lastKnownFileType = file.storyboard; name = Base; path = Base.lproj/LaunchScreen.storyboard; sourceTree = "<group>"; };
		58EB182028B63F3600AB75D5 /* Info.plist */ = {isa = PBXFileReference; lastKnownFileType = text.plist.xml; path = Info.plist; sourceTree = "<group>"; };
		70EAB207BF589A62DA618FD8 /* Pods-BalinaSoftTask.release.xcconfig */ = {isa = PBXFileReference; includeInIndex = 1; lastKnownFileType = text.xcconfig; name = "Pods-BalinaSoftTask.release.xcconfig"; path = "Target Support Files/Pods-BalinaSoftTask/Pods-BalinaSoftTask.release.xcconfig"; sourceTree = "<group>"; };
		9815B1858B199B1A87538605 /* Pods-BalinaSoftTask.debug.xcconfig */ = {isa = PBXFileReference; includeInIndex = 1; lastKnownFileType = text.xcconfig; name = "Pods-BalinaSoftTask.debug.xcconfig"; path = "Target Support Files/Pods-BalinaSoftTask/Pods-BalinaSoftTask.debug.xcconfig"; sourceTree = "<group>"; };
/* End PBXFileReference section */

/* Begin PBXFrameworksBuildPhase section */
		58EB180C28B63F3100AB75D5 /* Frameworks */ = {
			isa = PBXFrameworksBuildPhase;
			buildActionMask = 2147483647;
			files = (
				13629640EDC8F3F83EC33B84 /* Pods_BalinaSoftTask.framework in Frameworks */,
			);
			runOnlyForDeploymentPostprocessing = 0;
		};
/* End PBXFrameworksBuildPhase section */

/* Begin PBXGroup section */
		4C66E4811E6CA4552AC396F0 /* Frameworks */ = {
			isa = PBXGroup;
			children = (
				2C525DE60ECA22BC3938B769 /* Pods_BalinaSoftTask.framework */,
			);
			name = Frameworks;
			sourceTree = "<group>";
		};
		58EB180628B63F3100AB75D5 = {
			isa = PBXGroup;
			children = (
				58EB181128B63F3100AB75D5 /* BalinaSoftTask */,
				58EB181028B63F3100AB75D5 /* Products */,
				6DAAB2FD2E23AA7324A12175 /* Pods */,
				4C66E4811E6CA4552AC396F0 /* Frameworks */,
			);
			sourceTree = "<group>";
		};
		58EB181028B63F3100AB75D5 /* Products */ = {
			isa = PBXGroup;
			children = (
				58EB180F28B63F3100AB75D5 /* BalinaSoftTask.app */,
			);
			name = Products;
			sourceTree = "<group>";
		};
		58EB181128B63F3100AB75D5 /* BalinaSoftTask */ = {
			isa = PBXGroup;
			children = (
				58EB181228B63F3100AB75D5 /* AppDelegate.swift */,
				58EB181428B63F3100AB75D5 /* SceneDelegate.swift */,
				58EB181628B63F3100AB75D5 /* ViewController.swift */,
				58EB181828B63F3100AB75D5 /* Main.storyboard */,
				58EB181B28B63F3600AB75D5 /* Assets.xcassets */,
				58EB181D28B63F3600AB75D5 /* LaunchScreen.storyboard */,
				58EB182028B63F3600AB75D5 /* Info.plist */,
			);
			path = BalinaSoftTask;
			sourceTree = "<group>";
		};
		6DAAB2FD2E23AA7324A12175 /* Pods */ = {
			isa = PBXGroup;
			children = (
				9815B1858B199B1A87538605 /* Pods-BalinaSoftTask.debug.xcconfig */,
				70EAB207BF589A62DA618FD8 /* Pods-BalinaSoftTask.release.xcconfig */,
			);
			path = Pods;
			sourceTree = "<group>";
		};
/* End PBXGroup section */

/* Begin PBXNativeTarget section */
		58EB180E28B63F3100AB75D5 /* BalinaSoftTask */ = {
			isa = PBXNativeTarget;
			buildConfigurationList = 58EB182328B63F3600AB75D5 /* Build configuration list for PBXNativeTarget "BalinaSoftTask" */;
			buildPhases = (
				7F9FABA6CEEDB3DC72216254 /* [CP] Check Pods Manifest.lock */,
				58EB182628B6445000AB75D5 /* Run SwiftLint */,
				58EB180B28B63F3100AB75D5 /* Sources */,
				58EB180C28B63F3100AB75D5 /* Frameworks */,
				58EB180D28B63F3100AB75D5 /* Resources */,
				C1BB0FF701A7F17EC29082A7 /* [CP] Embed Pods Frameworks */,
			);
			buildRules = (
			);
			dependencies = (
			);
			name = BalinaSoftTask;
			productName = BalinaSoftTask;
			productReference = 58EB180F28B63F3100AB75D5 /* BalinaSoftTask.app */;
			productType = "com.apple.product-type.application";
		};
/* End PBXNativeTarget section */

/* Begin PBXProject section */
		58EB180728B63F3100AB75D5 /* Project object */ = {
			isa = PBXProject;
			attributes = {
				BuildIndependentTargetsInParallel = 1;
				LastSwiftUpdateCheck = 1340;
				LastUpgradeCheck = 1340;
				TargetAttributes = {
					58EB180E28B63F3100AB75D5 = {
						CreatedOnToolsVersion = 13.4.1;
					};
				};
			};
			buildConfigurationList = 58EB180A28B63F3100AB75D5 /* Build configuration list for PBXProject "BalinaSoftTask" */;
			compatibilityVersion = "Xcode 13.0";
			developmentRegion = en;
			hasScannedForEncodings = 0;
			knownRegions = (
				en,
				Base,
			);
			mainGroup = 58EB180628B63F3100AB75D5;
			productRefGroup = 58EB181028B63F3100AB75D5 /* Products */;
			projectDirPath = "";
			projectRoot = "";
			targets = (
				58EB180E28B63F3100AB75D5 /* BalinaSoftTask */,
			);
		};
/* End PBXProject section */

/* Begin PBXResourcesBuildPhase section */
		58EB180D28B63F3100AB75D5 /* Resources */ = {
			isa = PBXResourcesBuildPhase;
			buildActionMask = 2147483647;
			files = (
				58EB181F28B63F3600AB75D5 /* LaunchScreen.storyboard in Resources */,
				58EB181C28B63F3600AB75D5 /* Assets.xcassets in Resources */,
				58EB181A28B63F3100AB75D5 /* Main.storyboard in Resources */,
			);
			runOnlyForDeploymentPostprocessing = 0;
		};
/* End PBXResourcesBuildPhase section */

/* Begin PBXShellScriptBuildPhase section */
		58EB182628B6445000AB75D5 /* Run SwiftLint */ = {
			isa = PBXShellScriptBuildPhase;
			buildActionMask = 2147483647;
			files = (
			);
			inputFileListPaths = (
			);
			inputPaths = (
			);
			name = "Run SwiftLint";
			outputFileListPaths = (
			);
			outputPaths = (
			);
			runOnlyForDeploymentPostprocessing = 0;
			shellPath = /bin/sh;
			shellScript = "export PATH=\"$PATH:/opt/homebrew/bin\"\nif which swiftlint > /dev/null; then\n  swiftlint\nelse\n  echo \"warning: SwiftLint not installed, download from https://github.com/realm/SwiftLint\"\nfi\n";
		};
		7F9FABA6CEEDB3DC72216254 /* [CP] Check Pods Manifest.lock */ = {
			isa = PBXShellScriptBuildPhase;
			buildActionMask = 2147483647;
			files = (
			);
			inputFileListPaths = (
			);
			inputPaths = (
				"${PODS_PODFILE_DIR_PATH}/Podfile.lock",
				"${PODS_ROOT}/Manifest.lock",
			);
			name = "[CP] Check Pods Manifest.lock";
			outputFileListPaths = (
			);
			outputPaths = (
				"$(DERIVED_FILE_DIR)/Pods-BalinaSoftTask-checkManifestLockResult.txt",
			);
			runOnlyForDeploymentPostprocessing = 0;
			shellPath = /bin/sh;
			shellScript = "diff \"${PODS_PODFILE_DIR_PATH}/Podfile.lock\" \"${PODS_ROOT}/Manifest.lock\" > /dev/null\nif [ $? != 0 ] ; then\n    # print error to STDERR\n    echo \"error: The sandbox is not in sync with the Podfile.lock. Run 'pod install' or update your CocoaPods installation.\" >&2\n    exit 1\nfi\n# This output is used by Xcode 'outputs' to avoid re-running this script phase.\necho \"SUCCESS\" > \"${SCRIPT_OUTPUT_FILE_0}\"\n";
			showEnvVarsInLog = 0;
		};
		C1BB0FF701A7F17EC29082A7 /* [CP] Embed Pods Frameworks */ = {
			isa = PBXShellScriptBuildPhase;
			buildActionMask = 2147483647;
			files = (
			);
			inputFileListPaths = (
				"${PODS_ROOT}/Target Support Files/Pods-BalinaSoftTask/Pods-BalinaSoftTask-frameworks-${CONFIGURATION}-input-files.xcfilelist",
			);
			name = "[CP] Embed Pods Frameworks";
			outputFileListPaths = (
				"${PODS_ROOT}/Target Support Files/Pods-BalinaSoftTask/Pods-BalinaSoftTask-frameworks-${CONFIGURATION}-output-files.xcfilelist",
			);
			runOnlyForDeploymentPostprocessing = 0;
			shellPath = /bin/sh;
			shellScript = "\"${PODS_ROOT}/Target Support Files/Pods-BalinaSoftTask/Pods-BalinaSoftTask-frameworks.sh\"\n";
			showEnvVarsInLog = 0;
		};
/* End PBXShellScriptBuildPhase section */

/* Begin PBXSourcesBuildPhase section */
		58EB180B28B63F3100AB75D5 /* Sources */ = {
			isa = PBXSourcesBuildPhase;
			buildActionMask = 2147483647;
			files = (
				58EB181728B63F3100AB75D5 /* ViewController.swift in Sources */,
				58EB181328B63F3100AB75D5 /* AppDelegate.swift in Sources */,
				58EB181528B63F3100AB75D5 /* SceneDelegate.swift in Sources */,
			);
			runOnlyForDeploymentPostprocessing = 0;
		};
/* End PBXSourcesBuildPhase section */

/* Begin PBXVariantGroup section */
		58EB181828B63F3100AB75D5 /* Main.storyboard */ = {
			isa = PBXVariantGroup;
			children = (
				58EB181928B63F3100AB75D5 /* Base */,
			);
			name = Main.storyboard;
			sourceTree = "<group>";
		};
		58EB181D28B63F3600AB75D5 /* LaunchScreen.storyboard */ = {
			isa = PBXVariantGroup;
			children = (
				58EB181E28B63F3600AB75D5 /* Base */,
			);
			name = LaunchScreen.storyboard;
			sourceTree = "<group>";
		};
/* End PBXVariantGroup section */

/* Begin XCBuildConfiguration section */
		58EB182128B63F3600AB75D5 /* Debug */ = {
			isa = XCBuildConfiguration;
			buildSettings = {
				ALWAYS_SEARCH_USER_PATHS = NO;
				CLANG_ANALYZER_NONNULL = YES;
				CLANG_ANALYZER_NUMBER_OBJECT_CONVERSION = YES_AGGRESSIVE;
				CLANG_CXX_LANGUAGE_STANDARD = "gnu++17";
				CLANG_ENABLE_MODULES = YES;
				CLANG_ENABLE_OBJC_ARC = YES;
				CLANG_ENABLE_OBJC_WEAK = YES;
				CLANG_WARN_BLOCK_CAPTURE_AUTORELEASING = YES;
				CLANG_WARN_BOOL_CONVERSION = YES;
				CLANG_WARN_COMMA = YES;
				CLANG_WARN_CONSTANT_CONVERSION = YES;
				CLANG_WARN_DEPRECATED_OBJC_IMPLEMENTATIONS = YES;
				CLANG_WARN_DIRECT_OBJC_ISA_USAGE = YES_ERROR;
				CLANG_WARN_DOCUMENTATION_COMMENTS = YES;
				CLANG_WARN_EMPTY_BODY = YES;
				CLANG_WARN_ENUM_CONVERSION = YES;
				CLANG_WARN_INFINITE_RECURSION = YES;
				CLANG_WARN_INT_CONVERSION = YES;
				CLANG_WARN_NON_LITERAL_NULL_CONVERSION = YES;
				CLANG_WARN_OBJC_IMPLICIT_RETAIN_SELF = YES;
				CLANG_WARN_OBJC_LITERAL_CONVERSION = YES;
				CLANG_WARN_OBJC_ROOT_CLASS = YES_ERROR;
				CLANG_WARN_QUOTED_INCLUDE_IN_FRAMEWORK_HEADER = YES;
				CLANG_WARN_RANGE_LOOP_ANALYSIS = YES;
				CLANG_WARN_STRICT_PROTOTYPES = YES;
				CLANG_WARN_SUSPICIOUS_MOVE = YES;
				CLANG_WARN_UNGUARDED_AVAILABILITY = YES_AGGRESSIVE;
				CLANG_WARN_UNREACHABLE_CODE = YES;
				CLANG_WARN__DUPLICATE_METHOD_MATCH = YES;
				COPY_PHASE_STRIP = NO;
				DEBUG_INFORMATION_FORMAT = dwarf;
				ENABLE_STRICT_OBJC_MSGSEND = YES;
				ENABLE_TESTABILITY = YES;
				GCC_C_LANGUAGE_STANDARD = gnu11;
				GCC_DYNAMIC_NO_PIC = NO;
				GCC_NO_COMMON_BLOCKS = YES;
				GCC_OPTIMIZATION_LEVEL = 0;
				GCC_PREPROCESSOR_DEFINITIONS = (
					"DEBUG=1",
					"$(inherited)",
				);
				GCC_WARN_64_TO_32_BIT_CONVERSION = YES;
				GCC_WARN_ABOUT_RETURN_TYPE = YES_ERROR;
				GCC_WARN_UNDECLARED_SELECTOR = YES;
				GCC_WARN_UNINITIALIZED_AUTOS = YES_AGGRESSIVE;
				GCC_WARN_UNUSED_FUNCTION = YES;
				GCC_WARN_UNUSED_VARIABLE = YES;
				IPHONEOS_DEPLOYMENT_TARGET = 15.5;
				MTL_ENABLE_DEBUG_INFO = INCLUDE_SOURCE;
				MTL_FAST_MATH = YES;
				ONLY_ACTIVE_ARCH = YES;
				SDKROOT = iphoneos;
				SWIFT_ACTIVE_COMPILATION_CONDITIONS = DEBUG;
				SWIFT_OPTIMIZATION_LEVEL = "-Onone";
			};
			name = Debug;
		};
		58EB182228B63F3600AB75D5 /* Release */ = {
			isa = XCBuildConfiguration;
			buildSettings = {
				ALWAYS_SEARCH_USER_PATHS = NO;
				CLANG_ANALYZER_NONNULL = YES;
				CLANG_ANALYZER_NUMBER_OBJECT_CONVERSION = YES_AGGRESSIVE;
				CLANG_CXX_LANGUAGE_STANDARD = "gnu++17";
				CLANG_ENABLE_MODULES = YES;
				CLANG_ENABLE_OBJC_ARC = YES;
				CLANG_ENABLE_OBJC_WEAK = YES;
				CLANG_WARN_BLOCK_CAPTURE_AUTORELEASING = YES;
				CLANG_WARN_BOOL_CONVERSION = YES;
				CLANG_WARN_COMMA = YES;
				CLANG_WARN_CONSTANT_CONVERSION = YES;
				CLANG_WARN_DEPRECATED_OBJC_IMPLEMENTATIONS = YES;
				CLANG_WARN_DIRECT_OBJC_ISA_USAGE = YES_ERROR;
				CLANG_WARN_DOCUMENTATION_COMMENTS = YES;
				CLANG_WARN_EMPTY_BODY = YES;
				CLANG_WARN_ENUM_CONVERSION = YES;
				CLANG_WARN_INFINITE_RECURSION = YES;
				CLANG_WARN_INT_CONVERSION = YES;
				CLANG_WARN_NON_LITERAL_NULL_CONVERSION = YES;
				CLANG_WARN_OBJC_IMPLICIT_RETAIN_SELF = YES;
				CLANG_WARN_OBJC_LITERAL_CONVERSION = YES;
				CLANG_WARN_OBJC_ROOT_CLASS = YES_ERROR;
				CLANG_WARN_QUOTED_INCLUDE_IN_FRAMEWORK_HEADER = YES;
				CLANG_WARN_RANGE_LOOP_ANALYSIS = YES;
				CLANG_WARN_STRICT_PROTOTYPES = YES;
				CLANG_WARN_SUSPICIOUS_MOVE = YES;
				CLANG_WARN_UNGUARDED_AVAILABILITY = YES_AGGRESSIVE;
				CLANG_WARN_UNREACHABLE_CODE = YES;
				CLANG_WARN__DUPLICATE_METHOD_MATCH = YES;
				COPY_PHASE_STRIP = NO;
				DEBUG_INFORMATION_FORMAT = "dwarf-with-dsym";
				ENABLE_NS_ASSERTIONS = NO;
				ENABLE_STRICT_OBJC_MSGSEND = YES;
				GCC_C_LANGUAGE_STANDARD = gnu11;
				GCC_NO_COMMON_BLOCKS = YES;
				GCC_WARN_64_TO_32_BIT_CONVERSION = YES;
				GCC_WARN_ABOUT_RETURN_TYPE = YES_ERROR;
				GCC_WARN_UNDECLARED_SELECTOR = YES;
				GCC_WARN_UNINITIALIZED_AUTOS = YES_AGGRESSIVE;
				GCC_WARN_UNUSED_FUNCTION = YES;
				GCC_WARN_UNUSED_VARIABLE = YES;
				IPHONEOS_DEPLOYMENT_TARGET = 15.5;
				MTL_ENABLE_DEBUG_INFO = NO;
				MTL_FAST_MATH = YES;
				SDKROOT = iphoneos;
				SWIFT_COMPILATION_MODE = wholemodule;
				SWIFT_OPTIMIZATION_LEVEL = "-O";
				VALIDATE_PRODUCT = YES;
			};
			name = Release;
		};
		58EB182428B63F3600AB75D5 /* Debug */ = {
			isa = XCBuildConfiguration;
			baseConfigurationReference = 9815B1858B199B1A87538605 /* Pods-BalinaSoftTask.debug.xcconfig */;
			buildSettings = {
				ASSETCATALOG_COMPILER_APPICON_NAME = AppIcon;
				ASSETCATALOG_COMPILER_GLOBAL_ACCENT_COLOR_NAME = AccentColor;
				CODE_SIGN_STYLE = Automatic;
				CURRENT_PROJECT_VERSION = 1;
				GENERATE_INFOPLIST_FILE = YES;
				INFOPLIST_FILE = BalinaSoftTask/Info.plist;
				INFOPLIST_KEY_UIApplicationSupportsIndirectInputEvents = YES;
				INFOPLIST_KEY_UILaunchStoryboardName = LaunchScreen;
				INFOPLIST_KEY_UIMainStoryboardFile = Main;
				INFOPLIST_KEY_UISupportedInterfaceOrientations_iPad = "UIInterfaceOrientationPortrait UIInterfaceOrientationPortraitUpsideDown UIInterfaceOrientationLandscapeLeft UIInterfaceOrientationLandscapeRight";
				INFOPLIST_KEY_UISupportedInterfaceOrientations_iPhone = "UIInterfaceOrientationPortrait UIInterfaceOrientationLandscapeLeft UIInterfaceOrientationLandscapeRight";
				LD_RUNPATH_SEARCH_PATHS = (
					"$(inherited)",
					"@executable_path/Frameworks",
				);
				MARKETING_VERSION = 1.0;
				PRODUCT_BUNDLE_IDENTIFIER = com.iliksh.BalinaSoftTask;
				PRODUCT_NAME = "$(TARGET_NAME)";
				SWIFT_EMIT_LOC_STRINGS = YES;
				SWIFT_VERSION = 5.0;
				TARGETED_DEVICE_FAMILY = "1,2";
			};
			name = Debug;
		};
		58EB182528B63F3600AB75D5 /* Release */ = {
			isa = XCBuildConfiguration;
			baseConfigurationReference = 70EAB207BF589A62DA618FD8 /* Pods-BalinaSoftTask.release.xcconfig */;
			buildSettings = {
				ASSETCATALOG_COMPILER_APPICON_NAME = AppIcon;
				ASSETCATALOG_COMPILER_GLOBAL_ACCENT_COLOR_NAME = AccentColor;
				CODE_SIGN_STYLE = Automatic;
				CURRENT_PROJECT_VERSION = 1;
				GENERATE_INFOPLIST_FILE = YES;
				INFOPLIST_FILE = BalinaSoftTask/Info.plist;
				INFOPLIST_KEY_UIApplicationSupportsIndirectInputEvents = YES;
				INFOPLIST_KEY_UILaunchStoryboardName = LaunchScreen;
				INFOPLIST_KEY_UIMainStoryboardFile = Main;
				INFOPLIST_KEY_UISupportedInterfaceOrientations_iPad = "UIInterfaceOrientationPortrait UIInterfaceOrientationPortraitUpsideDown UIInterfaceOrientationLandscapeLeft UIInterfaceOrientationLandscapeRight";
				INFOPLIST_KEY_UISupportedInterfaceOrientations_iPhone = "UIInterfaceOrientationPortrait UIInterfaceOrientationLandscapeLeft UIInterfaceOrientationLandscapeRight";
				LD_RUNPATH_SEARCH_PATHS = (
					"$(inherited)",
					"@executable_path/Frameworks",
				);
				MARKETING_VERSION = 1.0;
				PRODUCT_BUNDLE_IDENTIFIER = com.iliksh.BalinaSoftTask;
				PRODUCT_NAME = "$(TARGET_NAME)";
				SWIFT_EMIT_LOC_STRINGS = YES;
				SWIFT_VERSION = 5.0;
				TARGETED_DEVICE_FAMILY = "1,2";
			};
			name = Release;
		};
/* End XCBuildConfiguration section */

/* Begin XCConfigurationList section */
		58EB180A28B63F3100AB75D5 /* Build configuration list for PBXProject "BalinaSoftTask" */ = {
			isa = XCConfigurationList;
			buildConfigurations = (
				58EB182128B63F3600AB75D5 /* Debug */,
				58EB182228B63F3600AB75D5 /* Release */,
			);
			defaultConfigurationIsVisible = 0;
			defaultConfigurationName = Release;
		};
		58EB182328B63F3600AB75D5 /* Build configuration list for PBXNativeTarget "BalinaSoftTask" */ = {
			isa = XCConfigurationList;
			buildConfigurations = (
				58EB182428B63F3600AB75D5 /* Debug */,
				58EB182528B63F3600AB75D5 /* Release */,
			);
			defaultConfigurationIsVisible = 0;
			defaultConfigurationName = Release;
		};
/* End XCConfigurationList section */
	};
	rootObject = 58EB180728B63F3100AB75D5 /* Project object */;
}
